
Microsoft Visual Studio Solution File, Format Version 12.00
Project("{FAE04EC0-301F-11D3-BF4B-00C04F79EFBC}") = "ClaimsExemple", "ClaimsExemple\ClaimsExemple.csproj", "{9B695593-BEB1-453B-B2F5-28ADEC7F519E}"
EndProject
Global
	GlobalSection(SolutionConfigurationPlatforms) = preSolution
		Debug|Any CPU = Debug|Any CPU
		Release|Any CPU = Release|Any CPU
	EndGlobalSection
	GlobalSection(ProjectConfigurationPlatforms) = postSolution
		{9B695593-BEB1-453B-B2F5-28ADEC7F519E}.Debug|Any CPU.ActiveCfg = Debug|Any CPU
		{9B695593-BEB1-453B-B2F5-28ADEC7F519E}.Debug|Any CPU.Build.0 = Debug|Any CPU
		{9B695593-BEB1-453B-B2F5-28ADEC7F519E}.Release|Any CPU.ActiveCfg = Release|Any CPU
		{9B695593-BEB1-453B-B2F5-28ADEC7F519E}.Release|Any CPU.Build.0 = Release|Any CPU
	EndGlobalSection
EndGlobal
